
Microsoft Visual Studio Solution File, Format Version 12.00
# Visual Studio Version 17
VisualStudioVersion = 17.8.34525.116
MinimumVisualStudioVersion = 10.0.40219.1
Project("{9A19103F-16F7-4668-BE54-9A1E7A4F7556}") = "Portfolio", "Portfolio\Portfolio.csproj", "{DDBC5AF1-7835-4D2C-AB41-25FD971F8A0D}"
EndProject
Global
	GlobalSection(SolutionConfigurationPlatforms) = preSolution
		Debug|Any CPU = Debug|Any CPU
		Production|Any CPU = Production|Any CPU
	EndGlobalSection
	GlobalSection(ProjectConfigurationPlatforms) = postSolution
		{DDBC5AF1-7835-4D2C-AB41-25FD971F8A0D}.Debug|Any CPU.ActiveCfg = Debug|Any CPU
		{DDBC5AF1-7835-4D2C-AB41-25FD971F8A0D}.Debug|Any CPU.Build.0 = Debug|Any CPU
		{DDBC5AF1-7835-4D2C-AB41-25FD971F8A0D}.Production|Any CPU.ActiveCfg = Production|Any CPU
		{DDBC5AF1-7835-4D2C-AB41-25FD971F8A0D}.Production|Any CPU.Build.0 = Production|Any CPU
	EndGlobalSection
	GlobalSection(SolutionProperties) = preSolution
		HideSolutionNode = FALSE
	EndGlobalSection
	GlobalSection(ExtensibilityGlobals) = postSolution
		SolutionGuid = {D6CE7CB6-69D2-4C59-8D79-5E00E63FFDE2}
	EndGlobalSection
EndGlobal
